
Microsoft Visual Studio Solution File, Format Version 12.00
# Visual Studio Version 16
VisualStudioVersion = 16.0.31205.134
MinimumVisualStudioVersion = 10.0.40219.1
Project("{FAE04EC0-301F-11D3-BF4B-00C04F79EFBC}") = "Zadanie1", "Zadanie1\Zadanie1.csproj", "{3C0DF2AD-1180-458B-8CB3-3B771CFF3489}"
EndProject
Global
	GlobalSection(SolutionConfigurationPlatforms) = preSolution
		Debug|Any CPU = Debug|Any CPU
		Release|Any CPU = Release|Any CPU
	EndGlobalSection
	GlobalSection(ProjectConfigurationPlatforms) = postSolution
		{3C0DF2AD-1180-458B-8CB3-3B771CFF3489}.Debug|Any CPU.ActiveCfg = Debug|Any CPU
		{3C0DF2AD-1180-458B-8CB3-3B771CFF3489}.Debug|Any CPU.Build.0 = Debug|Any CPU
		{3C0DF2AD-1180-458B-8CB3-3B771CFF3489}.Release|Any CPU.ActiveCfg = Release|Any CPU
		{3C0DF2AD-1180-458B-8CB3-3B771CFF3489}.Release|Any CPU.Build.0 = Release|Any CPU
	EndGlobalSection
	GlobalSection(SolutionProperties) = preSolution
		HideSolutionNode = FALSE
	EndGlobalSection
	GlobalSection(ExtensibilityGlobals) = postSolution
		SolutionGuid = {4D7E8F8C-BDE9-4509-8308-AFEE56EEAF2F}
	EndGlobalSection
EndGlobal
