
Microsoft Visual Studio Solution File, Format Version 12.00
# Visual Studio Version 16
VisualStudioVersion = 16.0.31205.134
MinimumVisualStudioVersion = 10.0.40219.1
Project("{9A19103F-16F7-4668-BE54-9A1E7A4F7556}") = "Zadanie1", "Zadanie1\Zadanie1.csproj", "{B9E5F4AD-BE50-4C4D-9057-089D15421358}"
EndProject
Project("{9A19103F-16F7-4668-BE54-9A1E7A4F7556}") = "Zadanie2", "Zadanie2\Zadanie2.csproj", "{07BCE3F7-F123-4955-B7E1-3A148C05A8FA}"
EndProject
Project("{FAE04EC0-301F-11D3-BF4B-00C04F79EFBC}") = "xUnit", "xUnit\xUnit.csproj", "{8AF23435-22B6-4EB2-9014-369FE4C269E6}"
EndProject
Global
	GlobalSection(SolutionConfigurationPlatforms) = preSolution
		Debug|Any CPU = Debug|Any CPU
		Release|Any CPU = Release|Any CPU
	EndGlobalSection
	GlobalSection(ProjectConfigurationPlatforms) = postSolution
		{B9E5F4AD-BE50-4C4D-9057-089D15421358}.Debug|Any CPU.ActiveCfg = Debug|Any CPU
		{B9E5F4AD-BE50-4C4D-9057-089D15421358}.Debug|Any CPU.Build.0 = Debug|Any CPU
		{B9E5F4AD-BE50-4C4D-9057-089D15421358}.Release|Any CPU.ActiveCfg = Release|Any CPU
		{B9E5F4AD-BE50-4C4D-9057-089D15421358}.Release|Any CPU.Build.0 = Release|Any CPU
		{07BCE3F7-F123-4955-B7E1-3A148C05A8FA}.Debug|Any CPU.ActiveCfg = Debug|Any CPU
		{07BCE3F7-F123-4955-B7E1-3A148C05A8FA}.Debug|Any CPU.Build.0 = Debug|Any CPU
		{07BCE3F7-F123-4955-B7E1-3A148C05A8FA}.Release|Any CPU.ActiveCfg = Release|Any CPU
		{07BCE3F7-F123-4955-B7E1-3A148C05A8FA}.Release|Any CPU.Build.0 = Release|Any CPU
		{8AF23435-22B6-4EB2-9014-369FE4C269E6}.Debug|Any CPU.ActiveCfg = Debug|Any CPU
		{8AF23435-22B6-4EB2-9014-369FE4C269E6}.Debug|Any CPU.Build.0 = Debug|Any CPU
		{8AF23435-22B6-4EB2-9014-369FE4C269E6}.Release|Any CPU.ActiveCfg = Release|Any CPU
		{8AF23435-22B6-4EB2-9014-369FE4C269E6}.Release|Any CPU.Build.0 = Release|Any CPU
	EndGlobalSection
	GlobalSection(SolutionProperties) = preSolution
		HideSolutionNode = FALSE
	EndGlobalSection
	GlobalSection(ExtensibilityGlobals) = postSolution
		SolutionGuid = {49BAF537-F732-4EF7-BD21-791FB1A34898}
	EndGlobalSection
EndGlobal
